<?xml version="1.0" encoding="utf-8"?>
<Project ToolsVersion="4.0" xmlns="http://schemas.microsoft.com/developer/msbuild/2003">
  <ItemGroup>
    <Filter Include="ソース ファイル">
      <UniqueIdentifier>{4FC737F1-C7A5-4376-A066-2A32D752A2FF}</UniqueIdentifier>
      <Extensions>cpp;c;cc;cxx;def;odl;idl;hpj;bat;asm;asmx</Extensions>
    </Filter>
  </ItemGroup>
  <ItemGroup>
    <ClInclude Include="Enemy.h">
      <Filter>ソース ファイル</Filter>
    </ClInclude>
    <ClInclude Include="GameLogic.h">
      <Filter>ソース ファイル</Filter>
    </ClInclude>
    <ClInclude Include="InputLib.h">
      <Filter>ソース ファイル</Filter>
    </ClInclude>
    <ClInclude Include="Main.h">
      <Filter>ソース ファイル</Filter>
    </ClInclude>
    <ClInclude Include="Map.h">
      <Filter>ソース ファイル</Filter>
    </ClInclude>
    <ClInclude Include="MusicLib.h">
      <Filter>ソース ファイル</Filter>
    </ClInclude>
    <ClInclude Include="Player.h">
      <Filter>ソース ファイル</Filter>
    </ClInclude>
    <ClInclude Include="Render.h">
      <Filter>ソース ファイル</Filter>
    </ClInclude>
    <ClInclude Include="ConioEx.h">
      <Filter>ソース ファイル</Filter>
    </ClInclude>
  </ItemGroup>
  <ItemGroup>
    <ClCompile Include="GameLogic.c">
      <Filter>ソース ファイル</Filter>
    </ClCompile>
    <ClCompile Include="InputMainMenu.c">
      <Filter>ソース ファイル</Filter>
    </ClCompile>
    <ClCompile Include="InputOpeningCinematic.c">
      <Filter>ソース ファイル</Filter>
    </ClCompile>
    <ClCompile Include="InputPlayerMove.c">
      <Filter>ソース ファイル</Filter>
    </ClCompile>
    <ClCompile Include="Main.c">
      <Filter>ソース ファイル</Filter>
    </ClCompile>
    <ClCompile Include="Map.c">
      <Filter>ソース ファイル</Filter>
    </ClCompile>
    <ClCompile Include="MusicLib.c">
      <Filter>ソース ファイル</Filter>
    </ClCompile>
    <ClCompile Include="PlayerMove.c">
      <Filter>ソース ファイル</Filter>
    </ClCompile>
    <ClCompile Include="Render.c">
      <Filter>ソース ファイル</Filter>
    </ClCompile>
    <ClCompile Include="RenderFrame.c">
      <Filter>ソース ファイル</Filter>
    </ClCompile>
    <ClCompile Include="TrashBin.c">
      <Filter>ソース ファイル</Filter>
    </ClCompile>
    <ClCompile Include="ConioEx.c">
      <Filter>ソース ファイル</Filter>
    </ClCompile>
    <ClCompile Include="Enemy.c">
      <Filter>ソース ファイル</Filter>
    </ClCompile>
  </ItemGroup>
  <ItemGroup>
    <Media Include="Hurt.mp3">
      <Filter>ソース ファイル</Filter>
    </Media>
    <Media Include="Jump.mp3">
      <Filter>ソース ファイル</Filter>
    </Media>
    <Media Include="MainMap.mp3">
      <Filter>ソース ファイル</Filter>
    </Media>
    <Media Include="MainMenu.mp3">
      <Filter>ソース ファイル</Filter>
    </Media>
    <Media Include="Rain.mp3">
      <Filter>ソース ファイル</Filter>
    </Media>
    <Media Include="Stage1.mp3">
      <Filter>ソース ファイル</Filter>
    </Media>
    <Media Include="Teleport.mp3">
      <Filter>ソース ファイル</Filter>
    </Media>
    <Media Include="Tutor.mp3">
      <Filter>ソース ファイル</Filter>
    </Media>
    <Media Include="CheckPoint.mp3">
      <Filter>ソース ファイル</Filter>
    </Media>
    <Media Include="Clear.mp3">
      <Filter>ソース ファイル</Filter>
    </Media>
  </ItemGroup>
</Project>